// !$*UTF8*$!
{
	archiveVersion = 1;
	classes = {
	};
	objectVersion = 77;
	objects = {

/* Begin PBXBuildFile section */
		B6B0F16A2FDBB57500DDA500 /* Sparkle in Frameworks */ = {isa = PBXBuildFile; productRef = B6B0F1692FDBB57500DDA500 /* Sparkle */; };
/* End PBXBuildFile section */

/* Begin PBXContainerItemProxy section */
		B6B0F14A2FDB9BA900DDA500 /* PBXContainerItemProxy */ = {
			isa = PBXContainerItemProxy;
			containerPortal = B6B0F1322FDB9BA700DDA500 /* Project object */;
			proxyType = 1;
			remoteGlobalIDString = B6B0F1392FDB9BA700DDA500;
			remoteInfo = "Framework detector";
		};
		B6B0F1542FDB9BA900DDA500 /* PBXContainerItemProxy */ = {
			isa = PBXContainerItemProxy;
			containerPortal = B6B0F1322FDB9BA700DDA500 /* Project object */;
			proxyType = 1;
			remoteGlobalIDString = B6B0F1392FDB9BA700DDA500;
			remoteInfo = "Framework detector";
		};
/* End PBXContainerItemProxy section */

/* Begin PBXFileReference section */
		B6B0F13A2FDB9BA700DDA500 /* Framework detector.app */ = {isa = PBXFileReference; explicitFileType = wrapper.application; includeInIndex = 0; path = "Framework detector.app"; sourceTree = BUILT_PRODUCTS_DIR; };
		B6B0F1492FDB9BA900DDA500 /* Framework detectorTests.xctest */ = {isa = PBXFileReference; explicitFileType = wrapper.cfbundle; includeInIndex = 0; path = "Framework detectorTests.xctest"; sourceTree = BUILT_PRODUCTS_DIR; };
		B6B0F1532FDB9BA900DDA500 /* Framework detectorUITests.xctest */ = {isa = PBXFileReference; explicitFileType = wrapper.cfbundle; includeInIndex = 0; path = "Framework detectorUITests.xctest"; sourceTree = BUILT_PRODUCTS_DIR; };
/* End PBXFileReference section */

/* Begin PBXFileSystemSynchronizedBuildFileExceptionSet section */
		B6B0F1802FDC006F00DDA500 /* Exceptions for "Framework detector" folder in "Framework detector" target */ = {
			isa = PBXFileSystemSynchronizedBuildFileExceptionSet;
			membershipExceptions = (
				"Framework-detector-Info.plist",
			);
			target = B6B0F1392FDB9BA700DDA500 /* Framework detector */;
		};
/* End PBXFileSystemSynchronizedBuildFileExceptionSet section */

/* Begin PBXFileSystemSynchronizedRootGroup section */
		B6B0F13C2FDB9BA700DDA500 /* Framework detector */ = {
			isa = PBXFileSystemSynchronizedRootGroup;
			exceptions = (
				B6B0F1802FDC006F00DDA500 /* Exceptions for "Framework detector" folder in "Framework detector" target */,
			);
			path = "Framework detector";
			sourceTree = "<group>";
		};
		B6B0F14C2FDB9BA900DDA500 /* Framework detectorTests */ = {
			isa = PBXFileSystemSynchronizedRootGroup;
			path = "Framework detectorTests";
			sourceTree = "<group>";
		};
		B6B0F1562FDB9BA900DDA500 /* Framework detectorUITests */ = {
			isa = PBXFileSystemSynchronizedRootGroup;
			path = "Framework detectorUITests";
			sourceTree = "<group>";
		};
/* End PBXFileSystemSynchronizedRootGroup section */

/* Begin PBXFrameworksBuildPhase section */
		B6B0F1372FDB9BA700DDA500 /* Frameworks */ = {
			isa = PBXFrameworksBuildPhase;
			buildActionMask = 2147483647;
			files = (
				B6B0F16A2FDBB57500DDA500 /* Sparkle in Frameworks */,
			);
			runOnlyForDeploymentPostprocessing = 0;
		};
		B6B0F1462FDB9BA900DDA500 /* Frameworks */ = {
			isa = PBXFrameworksBuildPhase;
			buildActionMask = 2147483647;
			files = (
			);
			runOnlyForDeploymentPostprocessing = 0;
		};
		B6B0F1502FDB9BA900DDA500 /* Frameworks */ = {
			isa = PBXFrameworksBuildPhase;
			buildActionMask = 2147483647;
			files = (
			);
			runOnlyForDeploymentPostprocessing = 0;
		};
/* End PBXFrameworksBuildPhase section */

/* Begin PBXGroup section */
		B6B0F1312FDB9BA700DDA500 = {
			isa = PBXGroup;
			children = (
				B6B0F13C2FDB9BA700DDA500 /* Framework detector */,
				B6B0F14C2FDB9BA900DDA500 /* Framework detectorTests */,
				B6B0F1562FDB9BA900DDA500 /* Framework detectorUITests */,
				B6B0F13B2FDB9BA700DDA500 /* Products */,
			);
			sourceTree = "<group>";
		};
		B6B0F13B2FDB9BA700DDA500 /* Products */ = {
			isa = PBXGroup;
			children = (
				B6B0F13A2FDB9BA700DDA500 /* Framework detector.app */,
				B6B0F1492FDB9BA900DDA500 /* Framework detectorTests.xctest */,
				B6B0F1532FDB9BA900DDA500 /* Framework detectorUITests.xctest */,
			);
			name = Products;
			sourceTree = "<group>";
		};
/* End PBXGroup section */

/* Begin PBXNativeTarget section */
		B6B0F1392FDB9BA700DDA500 /* Framework detector */ = {
			isa = PBXNativeTarget;
			buildConfigurationList = B6B0F15D2FDB9BA900DDA500 /* Build configuration list for PBXNativeTarget "Framework detector" */;
			buildPhases = (
				B6B0F1362FDB9BA700DDA500 /* Sources */,
				B6B0F1372FDB9BA700DDA500 /* Frameworks */,
				B6B0F1382FDB9BA700DDA500 /* Resources */,
			);
			buildRules = (
			);
			dependencies = (
			);
			fileSystemSynchronizedGroups = (
				B6B0F13C2FDB9BA700DDA500 /* Framework detector */,
			);
			name = "Framework detector";
			packageProductDependencies = (
				B6B0F1692FDBB57500DDA500 /* Sparkle */,
			);
			productName = "Framework detector";
			productReference = B6B0F13A2FDB9BA700DDA500 /* Framework detector.app */;
			productType = "com.apple.product-type.application";
		};
		B6B0F1482FDB9BA900DDA500 /* Framework detectorTests */ = {
			isa = PBXNativeTarget;
			buildConfigurationList = B6B0F1602FDB9BA900DDA500 /* Build configuration list for PBXNativeTarget "Framework detectorTests" */;
			buildPhases = (
				B6B0F1452FDB9BA900DDA500 /* Sources */,
				B6B0F1462FDB9BA900DDA500 /* Frameworks */,
				B6B0F1472FDB9BA900DDA500 /* Resources */,
			);
			buildRules = (
			);
			dependencies = (
				B6B0F14B2FDB9BA900DDA500 /* PBXTargetDependency */,
			);
			fileSystemSynchronizedGroups = (
				B6B0F14C2FDB9BA900DDA500 /* Framework detectorTests */,
			);
			name = "Framework detectorTests";
			packageProductDependencies = (
			);
			productName = "Framework detectorTests";
			productReference = B6B0F1492FDB9BA900DDA500 /* Framework detectorTests.xctest */;
			productType = "com.apple.product-type.bundle.unit-test";
		};
		B6B0F1522FDB9BA900DDA500 /* Framework detectorUITests */ = {
			isa = PBXNativeTarget;
			buildConfigurationList = B6B0F1632FDB9BA900DDA500 /* Build configuration list for PBXNativeTarget "Framework detectorUITests" */;
			buildPhases = (
				B6B0F14F2FDB9BA900DDA500 /* Sources */,
				B6B0F1502FDB9BA900DDA500 /* Frameworks */,
				B6B0F1512FDB9BA900DDA500 /* Resources */,
			);
			buildRules = (
			);
			dependencies = (
				B6B0F1552FDB9BA900DDA500 /* PBXTargetDependency */,
			);
			fileSystemSynchronizedGroups = (
				B6B0F1562FDB9BA900DDA500 /* Framework detectorUITests */,
			);
			name = "Framework detectorUITests";
			packageProductDependencies = (
			);
			productName = "Framework detectorUITests";
			productReference = B6B0F1532FDB9BA900DDA500 /* Framework detectorUITests.xctest */;
			productType = "com.apple.product-type.bundle.ui-testing";
		};
/* End PBXNativeTarget section */

/* Begin PBXProject section */
		B6B0F1322FDB9BA700DDA500 /* Project object */ = {
			isa = PBXProject;
			attributes = {
				BuildIndependentTargetsInParallel = 1;
				LastSwiftUpdateCheck = 2650;
				LastUpgradeCheck = 2650;
				TargetAttributes = {
					B6B0F1392FDB9BA700DDA500 = {
						CreatedOnToolsVersion = 26.5;
					};
					B6B0F1482FDB9BA900DDA500 = {
						CreatedOnToolsVersion = 26.5;
						TestTargetID = B6B0F1392FDB9BA700DDA500;
					};
					B6B0F1522FDB9BA900DDA500 = {
						CreatedOnToolsVersion = 26.5;
						TestTargetID = B6B0F1392FDB9BA700DDA500;
					};
				};
			};
			buildConfigurationList = B6B0F1352FDB9BA700DDA500 /* Build configuration list for PBXProject "Framework detector" */;
			developmentRegion = en;
			hasScannedForEncodings = 0;
			knownRegions = (
				en,
				Base,
			);
			mainGroup = B6B0F1312FDB9BA700DDA500;
			minimizedProjectReferenceProxies = 1;
			packageReferences = (
				B6B0F1682FDBB57500DDA500 /* XCRemoteSwiftPackageReference "Sparkle" */,
			);
			preferredProjectObjectVersion = 77;
			productRefGroup = B6B0F13B2FDB9BA700DDA500 /* Products */;
			projectDirPath = "";
			projectRoot = "";
			targets = (
				B6B0F1392FDB9BA700DDA500 /* Framework detector */,
				B6B0F1482FDB9BA900DDA500 /* Framework detectorTests */,
				B6B0F1522FDB9BA900DDA500 /* Framework detectorUITests */,
			);
		};
/* End PBXProject section */

/* Begin PBXResourcesBuildPhase section */
		B6B0F1382FDB9BA700DDA500 /* Resources */ = {
			isa = PBXResourcesBuildPhase;
			buildActionMask = 2147483647;
			files = (
			);
			runOnlyForDeploymentPostprocessing = 0;
		};
		B6B0F1472FDB9BA900DDA500 /* Resources */ = {
			isa = PBXResourcesBuildPhase;
			buildActionMask = 2147483647;
			files = (
			);
			runOnlyForDeploymentPostprocessing = 0;
		};
		B6B0F1512FDB9BA900DDA500 /* Resources */ = {
			isa = PBXResourcesBuildPhase;
			buildActionMask = 2147483647;
			files = (
			);
			runOnlyForDeploymentPostprocessing = 0;
		};
/* End PBXResourcesBuildPhase section */

/* Begin PBXSourcesBuildPhase section */
		B6B0F1362FDB9BA700DDA500 /* Sources */ = {
			isa = PBXSourcesBuildPhase;
			buildActionMask = 2147483647;
			files = (
			);
			runOnlyForDeploymentPostprocessing = 0;
		};
		B6B0F1452FDB9BA900DDA500 /* Sources */ = {
			isa = PBXSourcesBuildPhase;
			buildActionMask = 2147483647;
			files = (
			);
			runOnlyForDeploymentPostprocessing = 0;
		};
		B6B0F14F2FDB9BA900DDA500 /* Sources */ = {
			isa = PBXSourcesBuildPhase;
			buildActionMask = 2147483647;
			files = (
			);
			runOnlyForDeploymentPostprocessing = 0;
		};
/* End PBXSourcesBuildPhase section */

/* Begin PBXTargetDependency section */
		B6B0F14B2FDB9BA900DDA500 /* PBXTargetDependency */ = {
			isa = PBXTargetDependency;
			target = B6B0F1392FDB9BA700DDA500 /* Framework detector */;
			targetProxy = B6B0F14A2FDB9BA900DDA500 /* PBXContainerItemProxy */;
		};
		B6B0F1552FDB9BA900DDA500 /* PBXTargetDependency */ = {
			isa = PBXTargetDependency;
			target = B6B0F1392FDB9BA700DDA500 /* Framework detector */;
			targetProxy = B6B0F1542FDB9BA900DDA500 /* PBXContainerItemProxy */;
		};
/* End PBXTargetDependency section */

/* Begin XCBuildConfiguration section */
		B6B0F15B2FDB9BA900DDA500 /* Debug */ = {
			isa = XCBuildConfiguration;
			buildSettings = {
				ALWAYS_SEARCH_USER_PATHS = NO;
				ASSETCATALOG_COMPILER_GENERATE_SWIFT_ASSET_SYMBOL_EXTENSIONS = YES;
				CLANG_ANALYZER_NONNULL = YES;
				CLANG_ANALYZER_NUMBER_OBJECT_CONVERSION = YES_AGGRESSIVE;
				CLANG_CXX_LANGUAGE_STANDARD = "gnu++20";
				CLANG_ENABLE_MODULES = YES;
				CLANG_ENABLE_OBJC_ARC = YES;
				CLANG_ENABLE_OBJC_WEAK = YES;
				CLANG_WARN_BLOCK_CAPTURE_AUTORELEASING = YES;
				CLANG_WARN_BOOL_CONVERSION = YES;
				CLANG_WARN_COMMA = YES;
				CLANG_WARN_CONSTANT_CONVERSION = YES;
				CLANG_WARN_DEPRECATED_OBJC_IMPLEMENTATIONS = YES;
				CLANG_WARN_DIRECT_OBJC_ISA_USAGE = YES_ERROR;
				CLANG_WARN_DOCUMENTATION_COMMENTS = YES;
				CLANG_WARN_EMPTY_BODY = YES;
				CLANG_WARN_ENUM_CONVERSION = YES;
				CLANG_WARN_INFINITE_RECURSION = YES;
				CLANG_WARN_INT_CONVERSION = YES;
				CLANG_WARN_NON_LITERAL_NULL_CONVERSION = YES;
				CLANG_WARN_OBJC_IMPLICIT_RETAIN_SELF = YES;
				CLANG_WARN_OBJC_LITERAL_CONVERSION = YES;
				CLANG_WARN_OBJC_ROOT_CLASS = YES_ERROR;
				CLANG_WARN_QUOTED_INCLUDE_IN_FRAMEWORK_HEADER = YES;
				CLANG_WARN_RANGE_LOOP_ANALYSIS = YES;
				CLANG_WARN_STRICT_PROTOTYPES = YES;
				CLANG_WARN_SUSPICIOUS_MOVE = YES;
				CLANG_WARN_UNGUARDED_AVAILABILITY = YES_AGGRESSIVE;
				CLANG_WARN_UNREACHABLE_CODE = YES;
				CLANG_WARN__DUPLICATE_METHOD_MATCH = YES;
				COPY_PHASE_STRIP = NO;
				DEBUG_INFORMATION_FORMAT = dwarf;
				DEVELOPMENT_TEAM = X9WYGV8N8M;
				ENABLE_STRICT_OBJC_MSGSEND = YES;
				ENABLE_TESTABILITY = YES;
				ENABLE_USER_SCRIPT_SANDBOXING = YES;
				GCC_C_LANGUAGE_STANDARD = gnu17;
				GCC_DYNAMIC_NO_PIC = NO;
				GCC_NO_COMMON_BLOCKS = YES;
				GCC_OPTIMIZATION_LEVEL = 0;
				GCC_PREPROCESSOR_DEFINITIONS = (
					"DEBUG=1",
					"$(inherited)",
				);
				GCC_WARN_64_TO_32_BIT_CONVERSION = YES;
				GCC_WARN_ABOUT_RETURN_TYPE = YES_ERROR;
				GCC_WARN_UNDECLARED_SELECTOR = YES;
				GCC_WARN_UNINITIALIZED_AUTOS = YES_AGGRESSIVE;
				GCC_WARN_UNUSED_FUNCTION = YES;
				GCC_WARN_UNUSED_VARIABLE = YES;
				LOCALIZATION_PREFERS_STRING_CATALOGS = YES;
				MACOSX_DEPLOYMENT_TARGET = 26.5;
				MTL_ENABLE_DEBUG_INFO = INCLUDE_SOURCE;
				MTL_FAST_MATH = YES;
				ONLY_ACTIVE_ARCH = YES;
				SDKROOT = macosx;
				SWIFT_ACTIVE_COMPILATION_CONDITIONS = "DEBUG $(inherited)";
				SWIFT_OPTIMIZATION_LEVEL = "-Onone";
			};
			name = Debug;
		};
		B6B0F15C2FDB9BA900DDA500 /* Release */ = {
			isa = XCBuildConfiguration;
			buildSettings = {
				ALWAYS_SEARCH_USER_PATHS = NO;
				ASSETCATALOG_COMPILER_GENERATE_SWIFT_ASSET_SYMBOL_EXTENSIONS = YES;
				CLANG_ANALYZER_NONNULL = YES;
				CLANG_ANALYZER_NUMBER_OBJECT_CONVERSION = YES_AGGRESSIVE;
				CLANG_CXX_LANGUAGE_STANDARD = "gnu++20";
				CLANG_ENABLE_MODULES = YES;
				CLANG_ENABLE_OBJC_ARC = YES;
				CLANG_ENABLE_OBJC_WEAK = YES;
				CLANG_WARN_BLOCK_CAPTURE_AUTORELEASING = YES;
				CLANG_WARN_BOOL_CONVERSION = YES;
				CLANG_WARN_COMMA = YES;
				CLANG_WARN_CONSTANT_CONVERSION = YES;
				CLANG_WARN_DEPRECATED_OBJC_IMPLEMENTATIONS = YES;
				CLANG_WARN_DIRECT_OBJC_ISA_USAGE = YES_ERROR;
				CLANG_WARN_DOCUMENTATION_COMMENTS = YES;
				CLANG_WARN_EMPTY_BODY = YES;
				CLANG_WARN_ENUM_CONVERSION = YES;
				CLANG_WARN_INFINITE_RECURSION = YES;
				CLANG_WARN_INT_CONVERSION = YES;
				CLANG_WARN_NON_LITERAL_NULL_CONVERSION = YES;
				CLANG_WARN_OBJC_IMPLICIT_RETAIN_SELF = YES;
				CLANG_WARN_OBJC_LITERAL_CONVERSION = YES;
				CLANG_WARN_OBJC_ROOT_CLASS = YES_ERROR;
				CLANG_WARN_QUOTED_INCLUDE_IN_FRAMEWORK_HEADER = YES;
				CLANG_WARN_RANGE_LOOP_ANALYSIS = YES;
				CLANG_WARN_STRICT_PROTOTYPES = YES;
				CLANG_WARN_SUSPICIOUS_MOVE = YES;
				CLANG_WARN_UNGUARDED_AVAILABILITY = YES_AGGRESSIVE;
				CLANG_WARN_UNREACHABLE_CODE = YES;
				CLANG_WARN__DUPLICATE_METHOD_MATCH = YES;
				COPY_PHASE_STRIP = NO;
				DEBUG_INFORMATION_FORMAT = "dwarf-with-dsym";
				DEVELOPMENT_TEAM = X9WYGV8N8M;
				ENABLE_NS_ASSERTIONS = NO;
				ENABLE_STRICT_OBJC_MSGSEND = YES;
				ENABLE_USER_SCRIPT_SANDBOXING = YES;
				GCC_C_LANGUAGE_STANDARD = gnu17;
				GCC_NO_COMMON_BLOCKS = YES;
				GCC_WARN_64_TO_32_BIT_CONVERSION = YES;
				GCC_WARN_ABOUT_RETURN_TYPE = YES_ERROR;
				GCC_WARN_UNDECLARED_SELECTOR = YES;
				GCC_WARN_UNINITIALIZED_AUTOS = YES_AGGRESSIVE;
				GCC_WARN_UNUSED_FUNCTION = YES;
				GCC_WARN_UNUSED_VARIABLE = YES;
				LOCALIZATION_PREFERS_STRING_CATALOGS = YES;
				MACOSX_DEPLOYMENT_TARGET = 26.5;
				MTL_ENABLE_DEBUG_INFO = NO;
				MTL_FAST_MATH = YES;
				SDKROOT = macosx;
				SWIFT_COMPILATION_MODE = wholemodule;
			};
			name = Release;
		};
		B6B0F15E2FDB9BA900DDA500 /* Debug */ = {
			isa = XCBuildConfiguration;
			buildSettings = {
				ASSETCATALOG_COMPILER_APPICON_NAME = AppIcon;
				ASSETCATALOG_COMPILER_GLOBAL_ACCENT_COLOR_NAME = AccentColor;
				ASSETCATALOG_COMPILER_INCLUDE_ALL_APPICON_ASSETS = YES;
				"CODE_SIGN_IDENTITY[sdk=macosx*]" = "-";
				CODE_SIGN_STYLE = Automatic;
				COMBINE_HIDPI_IMAGES = YES;
				CURRENT_PROJECT_VERSION = 1;
				DEVELOPMENT_TEAM = X9WYGV8N8M;
				ENABLE_APP_SANDBOX = NO;
				ENABLE_HARDENED_RUNTIME = YES;
				ENABLE_PREVIEWS = YES;
				GENERATE_INFOPLIST_FILE = YES;
				INFOPLIST_FILE = "Framework-detector-Info.plist";
				INFOPLIST_KEY_CFBundleDisplayName = "Framework - Detector";
				INFOPLIST_KEY_LSApplicationCategoryType = "public.app-category.developer-tools";
				INFOPLIST_KEY_NSHumanReadableCopyright = "";
				LD_RUNPATH_SEARCH_PATHS = (
					"$(inherited)",
					"@executable_path/../Frameworks",
				);
				MACOSX_DEPLOYMENT_TARGET = 26.0;
				MARKETING_VERSION = 1.0;
				PRODUCT_BUNDLE_IDENTIFIER = "seamain.org.Framework-detector";
				PRODUCT_NAME = "$(TARGET_NAME)";
				REGISTER_APP_GROUPS = YES;
				STRING_CATALOG_GENERATE_SYMBOLS = YES;
				SWIFT_APPROACHABLE_CONCURRENCY = YES;
				SWIFT_DEFAULT_ACTOR_ISOLATION = MainActor;
				SWIFT_EMIT_LOC_STRINGS = YES;
				SWIFT_UPCOMING_FEATURE_MEMBER_IMPORT_VISIBILITY = YES;
				SWIFT_VERSION = 5.0;
			};
			name = Debug;
		};
		B6B0F15F2FDB9BA900DDA500 /* Release */ = {
			isa = XCBuildConfiguration;
			buildSettings = {
				ASSETCATALOG_COMPILER_APPICON_NAME = AppIcon;
				ASSETCATALOG_COMPILER_GLOBAL_ACCENT_COLOR_NAME = AccentColor;
				ASSETCATALOG_COMPILER_INCLUDE_ALL_APPICON_ASSETS = YES;
				"CODE_SIGN_IDENTITY[sdk=macosx*]" = "-";
				CODE_SIGN_STYLE = Automatic;
				COMBINE_HIDPI_IMAGES = YES;
				CURRENT_PROJECT_VERSION = 1;
				DEVELOPMENT_TEAM = X9WYGV8N8M;
				ENABLE_APP_SANDBOX = NO;
				ENABLE_HARDENED_RUNTIME = YES;
				ENABLE_PREVIEWS = YES;
				GENERATE_INFOPLIST_FILE = YES;
				INFOPLIST_FILE = "Framework-detector-Info.plist";
				INFOPLIST_KEY_CFBundleDisplayName = "Framework - Detector";
				INFOPLIST_KEY_LSApplicationCategoryType = "public.app-category.developer-tools";
				INFOPLIST_KEY_NSHumanReadableCopyright = "";
				LD_RUNPATH_SEARCH_PATHS = (
					"$(inherited)",
					"@executable_path/../Frameworks",
				);
				MACOSX_DEPLOYMENT_TARGET = 26.0;
				MARKETING_VERSION = 1.0;
				PRODUCT_BUNDLE_IDENTIFIER = "seamain.org.Framework-detector";
				PRODUCT_NAME = "$(TARGET_NAME)";
				REGISTER_APP_GROUPS = YES;
				STRING_CATALOG_GENERATE_SYMBOLS = YES;
				SWIFT_APPROACHABLE_CONCURRENCY = YES;
				SWIFT_DEFAULT_ACTOR_ISOLATION = MainActor;
				SWIFT_EMIT_LOC_STRINGS = YES;
				SWIFT_UPCOMING_FEATURE_MEMBER_IMPORT_VISIBILITY = YES;
				SWIFT_VERSION = 5.0;
			};
			name = Release;
		};
		B6B0F1612FDB9BA900DDA500 /* Debug */ = {
			isa = XCBuildConfiguration;
			buildSettings = {
				BUNDLE_LOADER = "$(TEST_HOST)";
				CODE_SIGN_STYLE = Automatic;
				CURRENT_PROJECT_VERSION = 1;
				DEVELOPMENT_TEAM = X9WYGV8N8M;
				GENERATE_INFOPLIST_FILE = YES;
				MACOSX_DEPLOYMENT_TARGET = 26.5;
				MARKETING_VERSION = 1.0;
				PRODUCT_BUNDLE_IDENTIFIER = "seamain.org.Framework-detectorTests";
				PRODUCT_NAME = "$(TARGET_NAME)";
				STRING_CATALOG_GENERATE_SYMBOLS = NO;
				SWIFT_APPROACHABLE_CONCURRENCY = YES;
				SWIFT_EMIT_LOC_STRINGS = NO;
				SWIFT_UPCOMING_FEATURE_MEMBER_IMPORT_VISIBILITY = YES;
				SWIFT_VERSION = 5.0;
				TEST_HOST = "$(BUILT_PRODUCTS_DIR)/Framework detector.app/$(BUNDLE_EXECUTABLE_FOLDER_PATH)/Framework detector";
			};
			name = Debug;
		};
		B6B0F1622FDB9BA900DDA500 /* Release */ = {
			isa = XCBuildConfiguration;
			buildSettings = {
				BUNDLE_LOADER = "$(TEST_HOST)";
				CODE_SIGN_STYLE = Automatic;
				CURRENT_PROJECT_VERSION = 1;
				DEVELOPMENT_TEAM = X9WYGV8N8M;
				GENERATE_INFOPLIST_FILE = YES;
				MACOSX_DEPLOYMENT_TARGET = 26.5;
				MARKETING_VERSION = 1.0;
				PRODUCT_BUNDLE_IDENTIFIER = "seamain.org.Framework-detectorTests";
				PRODUCT_NAME = "$(TARGET_NAME)";
				STRING_CATALOG_GENERATE_SYMBOLS = NO;
				SWIFT_APPROACHABLE_CONCURRENCY = YES;
				SWIFT_EMIT_LOC_STRINGS = NO;
				SWIFT_UPCOMING_FEATURE_MEMBER_IMPORT_VISIBILITY = YES;
				SWIFT_VERSION = 5.0;
				TEST_HOST = "$(BUILT_PRODUCTS_DIR)/Framework detector.app/$(BUNDLE_EXECUTABLE_FOLDER_PATH)/Framework detector";
			};
			name = Release;
		};
		B6B0F1642FDB9BA900DDA500 /* Debug */ = {
			isa = XCBuildConfiguration;
			buildSettings = {
				CODE_SIGN_STYLE = Automatic;
				CURRENT_PROJECT_VERSION = 1;
				DEVELOPMENT_TEAM = X9WYGV8N8M;
				GENERATE_INFOPLIST_FILE = YES;
				MARKETING_VERSION = 1.0;
				PRODUCT_BUNDLE_IDENTIFIER = "seamain.org.Framework-detectorUITests";
				PRODUCT_NAME = "$(TARGET_NAME)";
				STRING_CATALOG_GENERATE_SYMBOLS = NO;
				SWIFT_APPROACHABLE_CONCURRENCY = YES;
				SWIFT_EMIT_LOC_STRINGS = NO;
				SWIFT_UPCOMING_FEATURE_MEMBER_IMPORT_VISIBILITY = YES;
				SWIFT_VERSION = 5.0;
				TEST_TARGET_NAME = "Framework detector";
			};
			name = Debug;
		};
		B6B0F1652FDB9BA900DDA500 /* Release */ = {
			isa = XCBuildConfiguration;
			buildSettings = {
				CODE_SIGN_STYLE = Automatic;
				CURRENT_PROJECT_VERSION = 1;
				DEVELOPMENT_TEAM = X9WYGV8N8M;
				GENERATE_INFOPLIST_FILE = YES;
				MARKETING_VERSION = 1.0;
				PRODUCT_BUNDLE_IDENTIFIER = "seamain.org.Framework-detectorUITests";
				PRODUCT_NAME = "$(TARGET_NAME)";
				STRING_CATALOG_GENERATE_SYMBOLS = NO;
				SWIFT_APPROACHABLE_CONCURRENCY = YES;
				SWIFT_EMIT_LOC_STRINGS = NO;
				SWIFT_UPCOMING_FEATURE_MEMBER_IMPORT_VISIBILITY = YES;
				SWIFT_VERSION = 5.0;
				TEST_TARGET_NAME = "Framework detector";
			};
			name = Release;
		};
/* End XCBuildConfiguration section */

/* Begin XCConfigurationList section */
		B6B0F1352FDB9BA700DDA500 /* Build configuration list for PBXProject "Framework detector" */ = {
			isa = XCConfigurationList;
			buildConfigurations = (
				B6B0F15B2FDB9BA900DDA500 /* Debug */,
				B6B0F15C2FDB9BA900DDA500 /* Release */,
			);
			defaultConfigurationIsVisible = 0;
			defaultConfigurationName = Release;
		};
		B6B0F15D2FDB9BA900DDA500 /* Build configuration list for PBXNativeTarget "Framework detector" */ = {
			isa = XCConfigurationList;
			buildConfigurations = (
				B6B0F15E2FDB9BA900DDA500 /* Debug */,
				B6B0F15F2FDB9BA900DDA500 /* Release */,
			);
			defaultConfigurationIsVisible = 0;
			defaultConfigurationName = Release;
		};
		B6B0F1602FDB9BA900DDA500 /* Build configuration list for PBXNativeTarget "Framework detectorTests" */ = {
			isa = XCConfigurationList;
			buildConfigurations = (
				B6B0F1612FDB9BA900DDA500 /* Debug */,
				B6B0F1622FDB9BA900DDA500 /* Release */,
			);
			defaultConfigurationIsVisible = 0;
			defaultConfigurationName = Release;
		};
		B6B0F1632FDB9BA900DDA500 /* Build configuration list for PBXNativeTarget "Framework detectorUITests" */ = {
			isa = XCConfigurationList;
			buildConfigurations = (
				B6B0F1642FDB9BA900DDA500 /* Debug */,
				B6B0F1652FDB9BA900DDA500 /* Release */,
			);
			defaultConfigurationIsVisible = 0;
			defaultConfigurationName = Release;
		};
/* End XCConfigurationList section */

/* Begin XCRemoteSwiftPackageReference section */
		B6B0F1682FDBB57500DDA500 /* XCRemoteSwiftPackageReference "Sparkle" */ = {
			isa = XCRemoteSwiftPackageReference;
			repositoryURL = "https://github.com/sparkle-project/Sparkle";
			requirement = {
				kind = upToNextMajorVersion;
				minimumVersion = 2.9.3;
			};
		};
/* End XCRemoteSwiftPackageReference section */

/* Begin XCSwiftPackageProductDependency section */
		B6B0F1692FDBB57500DDA500 /* Sparkle */ = {
			isa = XCSwiftPackageProductDependency;
			package = B6B0F1682FDBB57500DDA500 /* XCRemoteSwiftPackageReference "Sparkle" */;
			productName = Sparkle;
		};
/* End XCSwiftPackageProductDependency section */
	};
	rootObject = B6B0F1322FDB9BA700DDA500 /* Project object */;
}
